
Microsoft Visual Studio Solution File, Format Version 11.00
# Visual Studio 2010
Project("{FAE04EC0-301F-11D3-BF4B-00C04F79EFBC}") = "BankTellerSimulator", "BankSimulator\BankTellerSimulator.csproj", "{8B997A25-0951-4FF5-9AF5-287F36C7DD90}"
EndProject
Global
	GlobalSection(SolutionConfigurationPlatforms) = preSolution
		Debug|Any CPU = Debug|Any CPU
		Release|Any CPU = Release|Any CPU
	EndGlobalSection
	GlobalSection(ProjectConfigurationPlatforms) = postSolution
		{8B997A25-0951-4FF5-9AF5-287F36C7DD90}.Debug|Any CPU.ActiveCfg = Debug|Any CPU
		{8B997A25-0951-4FF5-9AF5-287F36C7DD90}.Debug|Any CPU.Build.0 = Debug|Any CPU
		{8B997A25-0951-4FF5-9AF5-287F36C7DD90}.Release|Any CPU.ActiveCfg = Release|Any CPU
		{8B997A25-0951-4FF5-9AF5-287F36C7DD90}.Release|Any CPU.Build.0 = Release|Any CPU
	EndGlobalSection
	GlobalSection(SolutionProperties) = preSolution
		HideSolutionNode = FALSE
	EndGlobalSection
EndGlobal
